
Microsoft Visual Studio Solution File, Format Version 12.00
# Visual Studio 15
VisualStudioVersion = 15.0.28010.2041
MinimumVisualStudioVersion = 10.0.40219.1
Project("{FAE04EC0-301F-11D3-BF4B-00C04F79EFBC}") = "RIR", "RIR\RIR.csproj", "{C7655CC0-72C7-477B-A96D-D393940CA978}"
EndProject
Global
	GlobalSection(SolutionConfigurationPlatforms) = preSolution
		Debug|Any CPU = Debug|Any CPU
		Release|Any CPU = Release|Any CPU
	EndGlobalSection
	GlobalSection(ProjectConfigurationPlatforms) = postSolution
		{C7655CC0-72C7-477B-A96D-D393940CA978}.Debug|Any CPU.ActiveCfg = Debug|Any CPU
		{C7655CC0-72C7-477B-A96D-D393940CA978}.Debug|Any CPU.Build.0 = Debug|Any CPU
		{C7655CC0-72C7-477B-A96D-D393940CA978}.Release|Any CPU.ActiveCfg = Release|Any CPU
		{C7655CC0-72C7-477B-A96D-D393940CA978}.Release|Any CPU.Build.0 = Release|Any CPU
	EndGlobalSection
	GlobalSection(SolutionProperties) = preSolution
		HideSolutionNode = FALSE
	EndGlobalSection
	GlobalSection(ExtensibilityGlobals) = postSolution
		SolutionGuid = {C1B8004F-9E99-40EF-B2A0-4FD851700062}
	EndGlobalSection
EndGlobal
